// !$*UTF8*$!
{
	archiveVersion = 1;
	classes = {
	};
	objectVersion = 46;
	objects = {

/* Begin PBXBuildFile section */
		A1BCE2561D7676FA00878D8F /* NSDateExtension.swift in Sources */ = {isa = PBXBuildFile; fileRef = A1BCE2551D7676FA00878D8F /* NSDateExtension.swift */; };
		A1C224461D7D16A100665206 /* IFNewsModel.m in Sources */ = {isa = PBXBuildFile; fileRef = A1C224451D7D16A100665206 /* IFNewsModel.m */; };
		A1D2F94B1D7E62CD002E9BBD /* IFBaseTableViewCell.swift in Sources */ = {isa = PBXBuildFile; fileRef = A1D2F94A1D7E62CD002E9BBD /* IFBaseTableViewCell.swift */; };
		A1D2F94D1D7E62EA002E9BBD /* IFNewsCell.swift in Sources */ = {isa = PBXBuildFile; fileRef = A1D2F94C1D7E62EA002E9BBD /* IFNewsCell.swift */; };
		A1D2F94F1D7E6B90002E9BBD /* ControllerExtension.swift in Sources */ = {isa = PBXBuildFile; fileRef = A1D2F94E1D7E6B90002E9BBD /* ControllerExtension.swift */; };
		A1D2F9511D7EA775002E9BBD /* StringExtension.swift in Sources */ = {isa = PBXBuildFile; fileRef = A1D2F9501D7EA775002E9BBD /* StringExtension.swift */; };
		A1D2F9551D7FE99A002E9BBD /* IFTableHeaderView.swift in Sources */ = {isa = PBXBuildFile; fileRef = A1D2F9541D7FE99A002E9BBD /* IFTableHeaderView.swift */; };
		A1D2F9571D7FE9BE002E9BBD /* IFTableHeaderView.xib in Resources */ = {isa = PBXBuildFile; fileRef = A1D2F9561D7FE9BE002E9BBD /* IFTableHeaderView.xib */; };
		A1D2F95A1D7FF16C002E9BBD /* IFTableHeaderModel.swift in Sources */ = {isa = PBXBuildFile; fileRef = A1D2F9591D7FF16C002E9BBD /* IFTableHeaderModel.swift */; };
		A1EBBE571D755B920017FBEC /* CAPSPageMenu.swift in Sources */ = {isa = PBXBuildFile; fileRef = A1EBBE561D755B920017FBEC /* CAPSPageMenu.swift */; };
		A1EBBE5C1D755C2E0017FBEC /* IFStartVideoViewController.swift in Sources */ = {isa = PBXBuildFile; fileRef = A1EBBE5B1D755C2E0017FBEC /* IFStartVideoViewController.swift */; };
		A1EBBE5F1D755F310017FBEC /* IFMainViewController.swift in Sources */ = {isa = PBXBuildFile; fileRef = A1EBBE5E1D755F310017FBEC /* IFMainViewController.swift */; };
		A1EBBE611D75649C0017FBEC /* IFNewsViewController.swift in Sources */ = {isa = PBXBuildFile; fileRef = A1EBBE601D75649C0017FBEC /* IFNewsViewController.swift */; };
		A1EBBE631D7564AF0017FBEC /* IFHomePageViewController.swift in Sources */ = {isa = PBXBuildFile; fileRef = A1EBBE621D7564AF0017FBEC /* IFHomePageViewController.swift */; };
		A1EBBE651D7564DD0017FBEC /* IFPlayViewController.swift in Sources */ = {isa = PBXBuildFile; fileRef = A1EBBE641D7564DD0017FBEC /* IFPlayViewController.swift */; };
		A1EBBE671D7565030017FBEC /* IFAppSoViewController.swift in Sources */ = {isa = PBXBuildFile; fileRef = A1EBBE661D7565030017FBEC /* IFAppSoViewController.swift */; };
		A1EBBE691D7565180017FBEC /* IFStoreViewController.swift in Sources */ = {isa = PBXBuildFile; fileRef = A1EBBE681D7565180017FBEC /* IFStoreViewController.swift */; };
		A1EBBE6C1D7567AC0017FBEC /* Global.swift in Sources */ = {isa = PBXBuildFile; fileRef = A1EBBE6B1D7567AC0017FBEC /* Global.swift */; };
		A1EBBE701D75919F0017FBEC /* RequestAPI.swift in Sources */ = {isa = PBXBuildFile; fileRef = A1EBBE6F1D75919F0017FBEC /* RequestAPI.swift */; };
		A1F1718E1D7D1F99007EC894 /* IFAuthorInfoModel.m in Sources */ = {isa = PBXBuildFile; fileRef = A1F1718D1D7D1F99007EC894 /* IFAuthorInfoModel.m */; };
		A1F568331D741D230045D082 /* AppDelegate.swift in Sources */ = {isa = PBXBuildFile; fileRef = A1F568321D741D230045D082 /* AppDelegate.swift */; };
		A1F568381D741D240045D082 /* Main.storyboard in Resources */ = {isa = PBXBuildFile; fileRef = A1F568361D741D240045D082 /* Main.storyboard */; };
		A1F5683A1D741D240045D082 /* Assets.xcassets in Resources */ = {isa = PBXBuildFile; fileRef = A1F568391D741D240045D082 /* Assets.xcassets */; };
		A1F5683D1D741D240045D082 /* LaunchScreen.storyboard in Resources */ = {isa = PBXBuildFile; fileRef = A1F5683B1D741D240045D082 /* LaunchScreen.storyboard */; };
		A1F568461D741F650045D082 /* ifanrVideo.mp4 in Resources */ = {isa = PBXBuildFile; fileRef = A1F568451D741F650045D082 /* ifanrVideo.mp4 */; };
		AD33A5F010B4D2E5CCA0EAB8 /* Pods_iFanr.framework in Frameworks */ = {isa = PBXBuildFile; fileRef = 485E20FE760E707CA96D4C2C /* Pods_iFanr.framework */; };
/* End PBXBuildFile section */

/* Begin PBXFileReference section */
		210ED941185AC6DD9215EAC5 /* Pods-iFanr.release.xcconfig */ = {isa = PBXFileReference; includeInIndex = 1; lastKnownFileType = text.xcconfig; name = "Pods-iFanr.release.xcconfig"; path = "Pods/Target Support Files/Pods-iFanr/Pods-iFanr.release.xcconfig"; sourceTree = "<group>"; };
		485E20FE760E707CA96D4C2C /* Pods_iFanr.framework */ = {isa = PBXFileReference; explicitFileType = wrapper.framework; includeInIndex = 0; path = Pods_iFanr.framework; sourceTree = BUILT_PRODUCTS_DIR; };
		A1BCE2551D7676FA00878D8F /* NSDateExtension.swift */ = {isa = PBXFileReference; fileEncoding = 4; lastKnownFileType = sourcecode.swift; path = NSDateExtension.swift; sourceTree = "<group>"; };
		A1C224441D7D16A100665206 /* IFNewsModel.h */ = {isa = PBXFileReference; fileEncoding = 4; lastKnownFileType = sourcecode.c.h; path = IFNewsModel.h; sourceTree = "<group>"; };
		A1C224451D7D16A100665206 /* IFNewsModel.m */ = {isa = PBXFileReference; fileEncoding = 4; lastKnownFileType = sourcecode.c.objc; path = IFNewsModel.m; sourceTree = "<group>"; };
		A1D2F94A1D7E62CD002E9BBD /* IFBaseTableViewCell.swift */ = {isa = PBXFileReference; fileEncoding = 4; lastKnownFileType = sourcecode.swift; path = IFBaseTableViewCell.swift; sourceTree = "<group>"; };
		A1D2F94C1D7E62EA002E9BBD /* IFNewsCell.swift */ = {isa = PBXFileReference; fileEncoding = 4; lastKnownFileType = sourcecode.swift; path = IFNewsCell.swift; sourceTree = "<group>"; };
		A1D2F94E1D7E6B90002E9BBD /* ControllerExtension.swift */ = {isa = PBXFileReference; fileEncoding = 4; lastKnownFileType = sourcecode.swift; path = ControllerExtension.swift; sourceTree = "<group>"; };
		A1D2F9501D7EA775002E9BBD /* StringExtension.swift */ = {isa = PBXFileReference; fileEncoding = 4; lastKnownFileType = sourcecode.swift; path = StringExtension.swift; sourceTree = "<group>"; };
		A1D2F9541D7FE99A002E9BBD /* IFTableHeaderView.swift */ = {isa = PBXFileReference; fileEncoding = 4; lastKnownFileType = sourcecode.swift; path = IFTableHeaderView.swift; sourceTree = "<group>"; };
		A1D2F9561D7FE9BE002E9BBD /* IFTableHeaderView.xib */ = {isa = PBXFileReference; fileEncoding = 4; lastKnownFileType = file.xib; path = IFTableHeaderView.xib; sourceTree = "<group>"; };
		A1D2F9591D7FF16C002E9BBD /* IFTableHeaderModel.swift */ = {isa = PBXFileReference; fileEncoding = 4; lastKnownFileType = sourcecode.swift; path = IFTableHeaderModel.swift; sourceTree = "<group>"; };
		A1EBBE561D755B920017FBEC /* CAPSPageMenu.swift */ = {isa = PBXFileReference; fileEncoding = 4; lastKnownFileType = sourcecode.swift; path = CAPSPageMenu.swift; sourceTree = "<group>"; };
		A1EBBE5B1D755C2E0017FBEC /* IFStartVideoViewController.swift */ = {isa = PBXFileReference; fileEncoding = 4; lastKnownFileType = sourcecode.swift; path = IFStartVideoViewController.swift; sourceTree = "<group>"; };
		A1EBBE5E1D755F310017FBEC /* IFMainViewController.swift */ = {isa = PBXFileReference; fileEncoding = 4; lastKnownFileType = sourcecode.swift; path = IFMainViewController.swift; sourceTree = "<group>"; };
		A1EBBE601D75649C0017FBEC /* IFNewsViewController.swift */ = {isa = PBXFileReference; fileEncoding = 4; lastKnownFileType = sourcecode.swift; path = IFNewsViewController.swift; sourceTree = "<group>"; };
		A1EBBE621D7564AF0017FBEC /* IFHomePageViewController.swift */ = {isa = PBXFileReference; fileEncoding = 4; lastKnownFileType = sourcecode.swift; path = IFHomePageViewController.swift; sourceTree = "<group>"; };
		A1EBBE641D7564DD0017FBEC /* IFPlayViewController.swift */ = {isa = PBXFileReference; fileEncoding = 4; lastKnownFileType = sourcecode.swift; path = IFPlayViewController.swift; sourceTree = "<group>"; };
		A1EBBE661D7565030017FBEC /* IFAppSoViewController.swift */ = {isa = PBXFileReference; fileEncoding = 4; lastKnownFileType = sourcecode.swift; path = IFAppSoViewController.swift; sourceTree = "<group>"; };
		A1EBBE681D7565180017FBEC /* IFStoreViewController.swift */ = {isa = PBXFileReference; fileEncoding = 4; lastKnownFileType = sourcecode.swift; path = IFStoreViewController.swift; sourceTree = "<group>"; };
		A1EBBE6B1D7567AC0017FBEC /* Global.swift */ = {isa = PBXFileReference; fileEncoding = 4; lastKnownFileType = sourcecode.swift; path = Global.swift; sourceTree = "<group>"; };
		A1EBBE6F1D75919F0017FBEC /* RequestAPI.swift */ = {isa = PBXFileReference; fileEncoding = 4; lastKnownFileType = sourcecode.swift; path = RequestAPI.swift; sourceTree = "<group>"; };
		A1F1718C1D7D1F99007EC894 /* IFAuthorInfoModel.h */ = {isa = PBXFileReference; fileEncoding = 4; lastKnownFileType = sourcecode.c.h; path = IFAuthorInfoModel.h; sourceTree = "<group>"; };
		A1F1718D1D7D1F99007EC894 /* IFAuthorInfoModel.m */ = {isa = PBXFileReference; fileEncoding = 4; lastKnownFileType = sourcecode.c.objc; path = IFAuthorInfoModel.m; sourceTree = "<group>"; };
		A1F171901D7D2281007EC894 /* iFanr-Bridging-Header.h */ = {isa = PBXFileReference; lastKnownFileType = sourcecode.c.h; path = "iFanr-Bridging-Header.h"; sourceTree = "<group>"; };
		A1F5682F1D741D230045D082 /* iFanr.app */ = {isa = PBXFileReference; explicitFileType = wrapper.application; includeInIndex = 0; path = iFanr.app; sourceTree = BUILT_PRODUCTS_DIR; };
		A1F568321D741D230045D082 /* AppDelegate.swift */ = {isa = PBXFileReference; lastKnownFileType = sourcecode.swift; path = AppDelegate.swift; sourceTree = "<group>"; };
		A1F568371D741D240045D082 /* Base */ = {isa = PBXFileReference; lastKnownFileType = file.storyboard; name = Base; path = Base.lproj/Main.storyboard; sourceTree = "<group>"; };
		A1F568391D741D240045D082 /* Assets.xcassets */ = {isa = PBXFileReference; lastKnownFileType = folder.assetcatalog; path = Assets.xcassets; sourceTree = "<group>"; };
		A1F5683C1D741D240045D082 /* Base */ = {isa = PBXFileReference; lastKnownFileType = file.storyboard; name = Base; path = Base.lproj/LaunchScreen.storyboard; sourceTree = "<group>"; };
		A1F5683E1D741D240045D082 /* Info.plist */ = {isa = PBXFileReference; lastKnownFileType = text.plist.xml; path = Info.plist; sourceTree = "<group>"; };
		A1F568451D741F650045D082 /* ifanrVideo.mp4 */ = {isa = PBXFileReference; lastKnownFileType = file; path = ifanrVideo.mp4; sourceTree = "<group>"; };
		C258FE982C75007AD4C6FB75 /* Pods-iFanr.debug.xcconfig */ = {isa = PBXFileReference; includeInIndex = 1; lastKnownFileType = text.xcconfig; name = "Pods-iFanr.debug.xcconfig"; path = "Pods/Target Support Files/Pods-iFanr/Pods-iFanr.debug.xcconfig"; sourceTree = "<group>"; };
/* End PBXFileReference section */

/* Begin PBXFrameworksBuildPhase section */
		A1F5682C1D741D230045D082 /* Frameworks */ = {
			isa = PBXFrameworksBuildPhase;
			buildActionMask = 2147483647;
			files = (
				AD33A5F010B4D2E5CCA0EAB8 /* Pods_iFanr.framework in Frameworks */,
			);
			runOnlyForDeploymentPostprocessing = 0;
		};
/* End PBXFrameworksBuildPhase section */

/* Begin PBXGroup section */
		4A924C20DCD99661B44D9E7D /* Frameworks */ = {
			isa = PBXGroup;
			children = (
				485E20FE760E707CA96D4C2C /* Pods_iFanr.framework */,
			);
			name = Frameworks;
			sourceTree = "<group>";
		};
		9AA074BAEEAB1DC169EEA4F6 /* Pods */ = {
			isa = PBXGroup;
			children = (
				C258FE982C75007AD4C6FB75 /* Pods-iFanr.debug.xcconfig */,
				210ED941185AC6DD9215EAC5 /* Pods-iFanr.release.xcconfig */,
			);
			name = Pods;
			sourceTree = "<group>";
		};
		A1BCE2501D76732100878D8F /* Extension */ = {
			isa = PBXGroup;
			children = (
				A1BCE2551D7676FA00878D8F /* NSDateExtension.swift */,
				A1D2F94E1D7E6B90002E9BBD /* ControllerExtension.swift */,
				A1D2F9501D7EA775002E9BBD /* StringExtension.swift */,
			);
			path = Extension;
			sourceTree = "<group>";
		};
		A1C2243C1D7D037E00665206 /* Main */ = {
			isa = PBXGroup;
			children = (
				A1C224431D7D167600665206 /* News */,
				A1D2F9581D7FF159002E9BBD /* HeaderView */,
			);
			path = Main;
			sourceTree = "<group>";
		};
		A1C224431D7D167600665206 /* News */ = {
			isa = PBXGroup;
			children = (
				A1C224441D7D16A100665206 /* IFNewsModel.h */,
				A1C224451D7D16A100665206 /* IFNewsModel.m */,
				A1F1718C1D7D1F99007EC894 /* IFAuthorInfoModel.h */,
				A1F1718D1D7D1F99007EC894 /* IFAuthorInfoModel.m */,
			);
			path = News;
			sourceTree = "<group>";
		};
		A1D2F9481D7E6264002E9BBD /* Cell */ = {
			isa = PBXGroup;
			children = (
				A1D2F94C1D7E62EA002E9BBD /* IFNewsCell.swift */,
			);
			path = Cell;
			sourceTree = "<group>";
		};
		A1D2F9491D7E629A002E9BBD /* Base */ = {
			isa = PBXGroup;
			children = (
				A1D2F94A1D7E62CD002E9BBD /* IFBaseTableViewCell.swift */,
			);
			path = Base;
			sourceTree = "<group>";
		};
		A1D2F9521D7FE96A002E9BBD /* View */ = {
			isa = PBXGroup;
			children = (
				A1D2F9531D7FE97F002E9BBD /* Main */,
			);
			path = View;
			sourceTree = "<group>";
		};
		A1D2F9531D7FE97F002E9BBD /* Main */ = {
			isa = PBXGroup;
			children = (
				A1D2F9541D7FE99A002E9BBD /* IFTableHeaderView.swift */,
				A1D2F9561D7FE9BE002E9BBD /* IFTableHeaderView.xib */,
			);
			path = Main;
			sourceTree = "<group>";
		};
		A1D2F9581D7FF159002E9BBD /* HeaderView */ = {
			isa = PBXGroup;
			children = (
				A1D2F9591D7FF16C002E9BBD /* IFTableHeaderModel.swift */,
			);
			path = HeaderView;
			sourceTree = "<group>";
		};
		A1EBBE551D755B880017FBEC /* OpenLib */ = {
			isa = PBXGroup;
			children = (
				A1EBBE561D755B920017FBEC /* CAPSPageMenu.swift */,
			);
			path = OpenLib;
			sourceTree = "<group>";
		};
		A1EBBE581D755BAC0017FBEC /* UI */ = {
			isa = PBXGroup;
			children = (
				A1EDE29A1D77C90D00F0FBA0 /* Model */,
				A1EBBE591D755C100017FBEC /* Controllers */,
				A1D2F9481D7E6264002E9BBD /* Cell */,
				A1D2F9521D7FE96A002E9BBD /* View */,
				A1D2F9491D7E629A002E9BBD /* Base */,
			);
			path = UI;
			sourceTree = "<group>";
		};
		A1EBBE591D755C100017FBEC /* Controllers */ = {
			isa = PBXGroup;
			children = (
				A1EBBE5A1D755C210017FBEC /* StartVideo */,
				A1EBBE5D1D755C7B0017FBEC /* Main */,
			);
			path = Controllers;
			sourceTree = "<group>";
		};
		A1EBBE5A1D755C210017FBEC /* StartVideo */ = {
			isa = PBXGroup;
			children = (
				A1EBBE5B1D755C2E0017FBEC /* IFStartVideoViewController.swift */,
			);
			path = StartVideo;
			sourceTree = "<group>";
		};
		A1EBBE5D1D755C7B0017FBEC /* Main */ = {
			isa = PBXGroup;
			children = (
				A1EBBE5E1D755F310017FBEC /* IFMainViewController.swift */,
				A1EBBE601D75649C0017FBEC /* IFNewsViewController.swift */,
				A1EBBE621D7564AF0017FBEC /* IFHomePageViewController.swift */,
				A1EBBE641D7564DD0017FBEC /* IFPlayViewController.swift */,
				A1EBBE661D7565030017FBEC /* IFAppSoViewController.swift */,
				A1EBBE681D7565180017FBEC /* IFStoreViewController.swift */,
			);
			path = Main;
			sourceTree = "<group>";
		};
		A1EBBE6A1D75679C0017FBEC /* Global */ = {
			isa = PBXGroup;
			children = (
				A1EBBE6B1D7567AC0017FBEC /* Global.swift */,
				A1EBBE6F1D75919F0017FBEC /* RequestAPI.swift */,
			);
			path = Global;
			sourceTree = "<group>";
		};
		A1EDE29A1D77C90D00F0FBA0 /* Model */ = {
			isa = PBXGroup;
			children = (
				A1C2243C1D7D037E00665206 /* Main */,
			);
			path = Model;
			sourceTree = "<group>";
		};
		A1F568261D741D230045D082 = {
			isa = PBXGroup;
			children = (
				A1F568311D741D230045D082 /* iFanr */,
				A1F568301D741D230045D082 /* Products */,
				9AA074BAEEAB1DC169EEA4F6 /* Pods */,
				4A924C20DCD99661B44D9E7D /* Frameworks */,
			);
			sourceTree = "<group>";
		};
		A1F568301D741D230045D082 /* Products */ = {
			isa = PBXGroup;
			children = (
				A1F5682F1D741D230045D082 /* iFanr.app */,
			);
			name = Products;
			sourceTree = "<group>";
		};
		A1F568311D741D230045D082 /* iFanr */ = {
			isa = PBXGroup;
			children = (
				A1F568441D741F350045D082 /* Resource */,
				A1EBBE551D755B880017FBEC /* OpenLib */,
				A1F568471D74203E0045D082 /* Class */,
				A1F568321D741D230045D082 /* AppDelegate.swift */,
				A1F171901D7D2281007EC894 /* iFanr-Bridging-Header.h */,
				A1F568361D741D240045D082 /* Main.storyboard */,
				A1F568391D741D240045D082 /* Assets.xcassets */,
				A1F5683B1D741D240045D082 /* LaunchScreen.storyboard */,
				A1F5683E1D741D240045D082 /* Info.plist */,
			);
			path = iFanr;
			sourceTree = "<group>";
		};
		A1F568441D741F350045D082 /* Resource */ = {
			isa = PBXGroup;
			children = (
				A1F568451D741F650045D082 /* ifanrVideo.mp4 */,
			);
			path = Resource;
			sourceTree = "<group>";
		};
		A1F568471D74203E0045D082 /* Class */ = {
			isa = PBXGroup;
			children = (
				A1EBBE6A1D75679C0017FBEC /* Global */,
				A1BCE2501D76732100878D8F /* Extension */,
				A1EBBE581D755BAC0017FBEC /* UI */,
			);
			path = Class;
			sourceTree = "<group>";
		};
/* End PBXGroup section */

/* Begin PBXNativeTarget section */
		A1F5682E1D741D230045D082 /* iFanr */ = {
			isa = PBXNativeTarget;
			buildConfigurationList = A1F568411D741D240045D082 /* Build configuration list for PBXNativeTarget "iFanr" */;
			buildPhases = (
				BCA95396EC5D1D29DC416A6A /* [CP] Check Pods Manifest.lock */,
				A1F5682B1D741D230045D082 /* Sources */,
				A1F5682C1D741D230045D082 /* Frameworks */,
				A1F5682D1D741D230045D082 /* Resources */,
				1C919F8D0D995C0EFBE9939D /* [CP] Embed Pods Frameworks */,
				8833A7C813AEFE6BBEBECF90 /* [CP] Copy Pods Resources */,
			);
			buildRules = (
			);
			dependencies = (
			);
			name = iFanr;
			productName = iFanr;
			productReference = A1F5682F1D741D230045D082 /* iFanr.app */;
			productType = "com.apple.product-type.application";
		};
/* End PBXNativeTarget section */

/* Begin PBXProject section */
		A1F568271D741D230045D082 /* Project object */ = {
			isa = PBXProject;
			attributes = {
				CLASSPREFIX = IF;
				LastSwiftUpdateCheck = 0730;
				LastUpgradeCheck = 0730;
				ORGANIZATIONNAME = LianLuo;
				TargetAttributes = {
					A1F5682E1D741D230045D082 = {
						CreatedOnToolsVersion = 7.3.1;
					};
				};
			};
			buildConfigurationList = A1F5682A1D741D230045D082 /* Build configuration list for PBXProject "iFanr" */;
			compatibilityVersion = "Xcode 3.2";
			developmentRegion = English;
			hasScannedForEncodings = 0;
			knownRegions = (
				en,
				Base,
			);
			mainGroup = A1F568261D741D230045D082;
			productRefGroup = A1F568301D741D230045D082 /* Products */;
			projectDirPath = "";
			projectRoot = "";
			targets = (
				A1F5682E1D741D230045D082 /* iFanr */,
			);
		};
/* End PBXProject section */

/* Begin PBXResourcesBuildPhase section */
		A1F5682D1D741D230045D082 /* Resources */ = {
			isa = PBXResourcesBuildPhase;
			buildActionMask = 2147483647;
			files = (
				A1F568461D741F650045D082 /* ifanrVideo.mp4 in Resources */,
				A1D2F9571D7FE9BE002E9BBD /* IFTableHeaderView.xib in Resources */,
				A1F5683D1D741D240045D082 /* LaunchScreen.storyboard in Resources */,
				A1F5683A1D741D240045D082 /* Assets.xcassets in Resources */,
				A1F568381D741D240045D082 /* Main.storyboard in Resources */,
			);
			runOnlyForDeploymentPostprocessing = 0;
		};
/* End PBXResourcesBuildPhase section */

/* Begin PBXShellScriptBuildPhase section */
		1C919F8D0D995C0EFBE9939D /* [CP] Embed Pods Frameworks */ = {
			isa = PBXShellScriptBuildPhase;
			buildActionMask = 2147483647;
			files = (
			);
			inputPaths = (
			);
			name = "[CP] Embed Pods Frameworks";
			outputPaths = (
			);
			runOnlyForDeploymentPostprocessing = 0;
			shellPath = /bin/sh;
			shellScript = "\"${SRCROOT}/Pods/Target Support Files/Pods-iFanr/Pods-iFanr-frameworks.sh\"\n";
			showEnvVarsInLog = 0;
		};
		8833A7C813AEFE6BBEBECF90 /* [CP] Copy Pods Resources */ = {
			isa = PBXShellScriptBuildPhase;
			buildActionMask = 2147483647;
			files = (
			);
			inputPaths = (
			);
			name = "[CP] Copy Pods Resources";
			outputPaths = (
			);
			runOnlyForDeploymentPostprocessing = 0;
			shellPath = /bin/sh;
			shellScript = "\"${SRCROOT}/Pods/Target Support Files/Pods-iFanr/Pods-iFanr-resources.sh\"\n";
			showEnvVarsInLog = 0;
		};
		BCA95396EC5D1D29DC416A6A /* [CP] Check Pods Manifest.lock */ = {
			isa = PBXShellScriptBuildPhase;
			buildActionMask = 2147483647;
			files = (
			);
			inputPaths = (
			);
			name = "[CP] Check Pods Manifest.lock";
			outputPaths = (
			);
			runOnlyForDeploymentPostprocessing = 0;
			shellPath = /bin/sh;
			shellScript = "diff \"${PODS_ROOT}/../Podfile.lock\" \"${PODS_ROOT}/Manifest.lock\" > /dev/null\nif [[ $? != 0 ]] ; then\n    cat << EOM\nerror: The sandbox is not in sync with the Podfile.lock. Run 'pod install' or update your CocoaPods installation.\nEOM\n    exit 1\nfi\n";
			showEnvVarsInLog = 0;
		};
/* End PBXShellScriptBuildPhase section */

/* Begin PBXSourcesBuildPhase section */
		A1F5682B1D741D230045D082 /* Sources */ = {
			isa = PBXSourcesBuildPhase;
			buildActionMask = 2147483647;
			files = (
				A1BCE2561D7676FA00878D8F /* NSDateExtension.swift in Sources */,
				A1D2F94B1D7E62CD002E9BBD /* IFBaseTableViewCell.swift in Sources */,
				A1C224461D7D16A100665206 /* IFNewsModel.m in Sources */,
				A1EBBE611D75649C0017FBEC /* IFNewsViewController.swift in Sources */,
				A1EBBE5C1D755C2E0017FBEC /* IFStartVideoViewController.swift in Sources */,
				A1EBBE651D7564DD0017FBEC /* IFPlayViewController.swift in Sources */,
				A1EBBE571D755B920017FBEC /* CAPSPageMenu.swift in Sources */,
				A1D2F94D1D7E62EA002E9BBD /* IFNewsCell.swift in Sources */,
				A1D2F95A1D7FF16C002E9BBD /* IFTableHeaderModel.swift in Sources */,
				A1F568331D741D230045D082 /* AppDelegate.swift in Sources */,
				A1F1718E1D7D1F99007EC894 /* IFAuthorInfoModel.m in Sources */,
				A1EBBE5F1D755F310017FBEC /* IFMainViewController.swift in Sources */,
				A1EBBE631D7564AF0017FBEC /* IFHomePageViewController.swift in Sources */,
				A1EBBE671D7565030017FBEC /* IFAppSoViewController.swift in Sources */,
				A1EBBE6C1D7567AC0017FBEC /* Global.swift in Sources */,
				A1D2F9511D7EA775002E9BBD /* StringExtension.swift in Sources */,
				A1EBBE701D75919F0017FBEC /* RequestAPI.swift in Sources */,
				A1D2F94F1D7E6B90002E9BBD /* ControllerExtension.swift in Sources */,
				A1D2F9551D7FE99A002E9BBD /* IFTableHeaderView.swift in Sources */,
				A1EBBE691D7565180017FBEC /* IFStoreViewController.swift in Sources */,
			);
			runOnlyForDeploymentPostprocessing = 0;
		};
/* End PBXSourcesBuildPhase section */

/* Begin PBXVariantGroup section */
		A1F568361D741D240045D082 /* Main.storyboard */ = {
			isa = PBXVariantGroup;
			children = (
				A1F568371D741D240045D082 /* Base */,
			);
			name = Main.storyboard;
			sourceTree = "<group>";
		};
		A1F5683B1D741D240045D082 /* LaunchScreen.storyboard */ = {
			isa = PBXVariantGroup;
			children = (
				A1F5683C1D741D240045D082 /* Base */,
			);
			name = LaunchScreen.storyboard;
			sourceTree = "<group>";
		};
/* End PBXVariantGroup section */

/* Begin XCBuildConfiguration section */
		A1F5683F1D741D240045D082 /* Debug */ = {
			isa = XCBuildConfiguration;
			buildSettings = {
				ALWAYS_SEARCH_USER_PATHS = NO;
				CLANG_ANALYZER_NONNULL = YES;
				CLANG_CXX_LANGUAGE_STANDARD = "gnu++0x";
				CLANG_CXX_LIBRARY = "libc++";
				CLANG_ENABLE_MODULES = YES;
				CLANG_ENABLE_OBJC_ARC = YES;
				CLANG_WARN_BOOL_CONVERSION = YES;
				CLANG_WARN_CONSTANT_CONVERSION = YES;
				CLANG_WARN_DIRECT_OBJC_ISA_USAGE = YES_ERROR;
				CLANG_WARN_EMPTY_BODY = YES;
				CLANG_WARN_ENUM_CONVERSION = YES;
				CLANG_WARN_INT_CONVERSION = YES;
				CLANG_WARN_OBJC_ROOT_CLASS = YES_ERROR;
				CLANG_WARN_UNREACHABLE_CODE = YES;
				CLANG_WARN__DUPLICATE_METHOD_MATCH = YES;
				"CODE_SIGN_IDENTITY[sdk=iphoneos*]" = "iPhone Developer";
				COPY_PHASE_STRIP = NO;
				DEBUG_INFORMATION_FORMAT = dwarf;
				ENABLE_STRICT_OBJC_MSGSEND = YES;
				ENABLE_TESTABILITY = YES;
				GCC_C_LANGUAGE_STANDARD = gnu99;
				GCC_DYNAMIC_NO_PIC = NO;
				GCC_NO_COMMON_BLOCKS = YES;
				GCC_OPTIMIZATION_LEVEL = 0;
				GCC_PREPROCESSOR_DEFINITIONS = (
					"DEBUG=1",
					"$(inherited)",
				);
				GCC_WARN_64_TO_32_BIT_CONVERSION = YES;
				GCC_WARN_ABOUT_RETURN_TYPE = YES_ERROR;
				GCC_WARN_UNDECLARED_SELECTOR = YES;
				GCC_WARN_UNINITIALIZED_AUTOS = YES_AGGRESSIVE;
				GCC_WARN_UNUSED_FUNCTION = YES;
				GCC_WARN_UNUSED_VARIABLE = YES;
				IPHONEOS_DEPLOYMENT_TARGET = 9.3;
				MTL_ENABLE_DEBUG_INFO = YES;
				ONLY_ACTIVE_ARCH = YES;
				SDKROOT = iphoneos;
				SWIFT_OPTIMIZATION_LEVEL = "-Onone";
			};
			name = Debug;
		};
		A1F568401D741D240045D082 /* Release */ = {
			isa = XCBuildConfiguration;
			buildSettings = {
				ALWAYS_SEARCH_USER_PATHS = NO;
				CLANG_ANALYZER_NONNULL = YES;
				CLANG_CXX_LANGUAGE_STANDARD = "gnu++0x";
				CLANG_CXX_LIBRARY = "libc++";
				CLANG_ENABLE_MODULES = YES;
				CLANG_ENABLE_OBJC_ARC = YES;
				CLANG_WARN_BOOL_CONVERSION = YES;
				CLANG_WARN_CONSTANT_CONVERSION = YES;
				CLANG_WARN_DIRECT_OBJC_ISA_USAGE = YES_ERROR;
				CLANG_WARN_EMPTY_BODY = YES;
				CLANG_WARN_ENUM_CONVERSION = YES;
				CLANG_WARN_INT_CONVERSION = YES;
				CLANG_WARN_OBJC_ROOT_CLASS = YES_ERROR;
				CLANG_WARN_UNREACHABLE_CODE = YES;
				CLANG_WARN__DUPLICATE_METHOD_MATCH = YES;
				"CODE_SIGN_IDENTITY[sdk=iphoneos*]" = "iPhone Developer";
				COPY_PHASE_STRIP = NO;
				DEBUG_INFORMATION_FORMAT = "dwarf-with-dsym";
				ENABLE_NS_ASSERTIONS = NO;
				ENABLE_STRICT_OBJC_MSGSEND = YES;
				GCC_C_LANGUAGE_STANDARD = gnu99;
				GCC_NO_COMMON_BLOCKS = YES;
				GCC_WARN_64_TO_32_BIT_CONVERSION = YES;
				GCC_WARN_ABOUT_RETURN_TYPE = YES_ERROR;
				GCC_WARN_UNDECLARED_SELECTOR = YES;
				GCC_WARN_UNINITIALIZED_AUTOS = YES_AGGRESSIVE;
				GCC_WARN_UNUSED_FUNCTION = YES;
				GCC_WARN_UNUSED_VARIABLE = YES;
				IPHONEOS_DEPLOYMENT_TARGET = 9.3;
				MTL_ENABLE_DEBUG_INFO = NO;
				SDKROOT = iphoneos;
				VALIDATE_PRODUCT = YES;
			};
			name = Release;
		};
		A1F568421D741D240045D082 /* Debug */ = {
			isa = XCBuildConfiguration;
			baseConfigurationReference = C258FE982C75007AD4C6FB75 /* Pods-iFanr.debug.xcconfig */;
			buildSettings = {
				ASSETCATALOG_COMPILER_APPICON_NAME = AppIcon;
				CLANG_ENABLE_MODULES = YES;
				INFOPLIST_FILE = iFanr/Info.plist;
				LD_RUNPATH_SEARCH_PATHS = "$(inherited) @executable_path/Frameworks";
				PRODUCT_BUNDLE_IDENTIFIER = com.lianluo.iFanr;
				PRODUCT_NAME = "$(TARGET_NAME)";
				SWIFT_OBJC_BRIDGING_HEADER = "iFanr/iFanr-Bridging-Header.h";
				SWIFT_OPTIMIZATION_LEVEL = "-Onone";
			};
			name = Debug;
		};
		A1F568431D741D240045D082 /* Release */ = {
			isa = XCBuildConfiguration;
			baseConfigurationReference = 210ED941185AC6DD9215EAC5 /* Pods-iFanr.release.xcconfig */;
			buildSettings = {
				ASSETCATALOG_COMPILER_APPICON_NAME = AppIcon;
				CLANG_ENABLE_MODULES = YES;
				INFOPLIST_FILE = iFanr/Info.plist;
				LD_RUNPATH_SEARCH_PATHS = "$(inherited) @executable_path/Frameworks";
				PRODUCT_BUNDLE_IDENTIFIER = com.lianluo.iFanr;
				PRODUCT_NAME = "$(TARGET_NAME)";
				SWIFT_OBJC_BRIDGING_HEADER = "iFanr/iFanr-Bridging-Header.h";
			};
			name = Release;
		};
/* End XCBuildConfiguration section */

/* Begin XCConfigurationList section */
		A1F5682A1D741D230045D082 /* Build configuration list for PBXProject "iFanr" */ = {
			isa = XCConfigurationList;
			buildConfigurations = (
				A1F5683F1D741D240045D082 /* Debug */,
				A1F568401D741D240045D082 /* Release */,
			);
			defaultConfigurationIsVisible = 0;
			defaultConfigurationName = Release;
		};
		A1F568411D741D240045D082 /* Build configuration list for PBXNativeTarget "iFanr" */ = {
			isa = XCConfigurationList;
			buildConfigurations = (
				A1F568421D741D240045D082 /* Debug */,
				A1F568431D741D240045D082 /* Release */,
			);
			defaultConfigurationIsVisible = 0;
			defaultConfigurationName = Release;
		};
/* End XCConfigurationList section */
	};
	rootObject = A1F568271D741D230045D082 /* Project object */;
}
